
Microsoft Visual Studio Solution File, Format Version 12.00
# Visual Studio Version 17
VisualStudioVersion = 17.8.34322.80
MinimumVisualStudioVersion = 10.0.40219.1
Project("{9A19103F-16F7-4668-BE54-9A1E7A4F7556}") = "AccessDemo1", "AccessDemo1\AccessDemo1.csproj", "{216DD6D7-B78C-43ED-B7C0-DC9148467142}"
EndProject
Project("{FAE04EC0-301F-11D3-BF4B-00C04F79EFBC}") = "AccessDemo2", "AccessDemo2\AccessDemo2.csproj", "{F773464D-17B7-41A2-81DE-C36C82D4381A}"
EndProject
Global
	GlobalSection(SolutionConfigurationPlatforms) = preSolution
		Debug|Any CPU = Debug|Any CPU
		Release|Any CPU = Release|Any CPU
	EndGlobalSection
	GlobalSection(ProjectConfigurationPlatforms) = postSolution
		{216DD6D7-B78C-43ED-B7C0-DC9148467142}.Debug|Any CPU.ActiveCfg = Debug|Any CPU
		{216DD6D7-B78C-43ED-B7C0-DC9148467142}.Debug|Any CPU.Build.0 = Debug|Any CPU
		{216DD6D7-B78C-43ED-B7C0-DC9148467142}.Release|Any CPU.ActiveCfg = Release|Any CPU
		{216DD6D7-B78C-43ED-B7C0-DC9148467142}.Release|Any CPU.Build.0 = Release|Any CPU
		{F773464D-17B7-41A2-81DE-C36C82D4381A}.Debug|Any CPU.ActiveCfg = Debug|Any CPU
		{F773464D-17B7-41A2-81DE-C36C82D4381A}.Debug|Any CPU.Build.0 = Debug|Any CPU
		{F773464D-17B7-41A2-81DE-C36C82D4381A}.Release|Any CPU.ActiveCfg = Release|Any CPU
		{F773464D-17B7-41A2-81DE-C36C82D4381A}.Release|Any CPU.Build.0 = Release|Any CPU
	EndGlobalSection
	GlobalSection(SolutionProperties) = preSolution
		HideSolutionNode = FALSE
	EndGlobalSection
	GlobalSection(ExtensibilityGlobals) = postSolution
		SolutionGuid = {8D03EF5A-7556-4062-824F-74EAF8C2960E}
	EndGlobalSection
EndGlobal
